
Microsoft Visual Studio Solution File, Format Version 12.00
# Visual Studio 2012
Project("{FAE04EC0-301F-11D3-BF4B-00C04F79EFBC}") = "1.NubersFrom1ToN", "1.NubersFrom1ToN\1.NubersFrom1ToN.csproj", "{DF40318F-5F5B-4621-A2A2-ED33C01E66E8}"
EndProject
Project("{FAE04EC0-301F-11D3-BF4B-00C04F79EFBC}") = "2.PrintNumbersNotDivBy3And7", "2.PrintNumbersNotDivBy3And7\2.PrintNumbersNotDivBy3And7.csproj", "{B9EA7CC3-C58B-457E-84EF-3851B926428A}"
EndProject
Project("{FAE04EC0-301F-11D3-BF4B-00C04F79EFBC}") = "3.MinAndMaxInSequence", "3.MinAndMaxInSequence\3.MinAndMaxInSequence.csproj", "{C4FB4EBA-FCDC-4E55-9077-B762185A0187}"
EndProject
Project("{FAE04EC0-301F-11D3-BF4B-00C04F79EFBC}") = "4.DivisionOfNAndKFactorial", "4.DivisionOfNAndKFactorial\4.DivisionOfNAndKFactorial.csproj", "{A42C8823-F5AA-4EA9-A84D-96CCCB5D87AC}"
EndProject
Project("{FAE04EC0-301F-11D3-BF4B-00C04F79EFBC}") = "5.CalculationOfN!xK!Div(N-K)!", "5.CalculationOfN!xK!Div(N-K)!\5.CalculationOfN!xK!Div(N-K)!.csproj", "{B2C04D88-A322-4DE5-AA75-90EEF879699E}"
EndProject
Project("{FAE04EC0-301F-11D3-BF4B-00C04F79EFBC}") = "6.TheSumOfXAndNDependence", "6.TheSumOfXAndNDependence\6.TheSumOfXAndNDependence.csproj", "{D80F158A-7B52-462D-A627-56E470A0253E}"
EndProject
Project("{FAE04EC0-301F-11D3-BF4B-00C04F79EFBC}") = "7.SumOfNFibonacciMembers", "7.SumOfNFibonacciMembers\7.SumOfNFibonacciMembers.csproj", "{F5904D45-E966-4DE1-8AB2-8E721CFCA1B0}"
EndProject
Project("{FAE04EC0-301F-11D3-BF4B-00C04F79EFBC}") = "8.GreatestCommonDivisorOfTwoNumbers", "8.GreatestComonDivisorOfTwoNumbers\8.GreatestCommonDivisorOfTwoNumbers.csproj", "{5FFDAEEB-9C7A-44CF-9E77-33B4EB52942F}"
EndProject
Project("{FAE04EC0-301F-11D3-BF4B-00C04F79EFBC}") = "9.CatalanNumbers", "9.CatalanNumbers\9.CatalanNumbers.csproj", "{F43D943A-22D4-4EBB-A65E-179FF0F842C2}"
EndProject
Project("{FAE04EC0-301F-11D3-BF4B-00C04F79EFBC}") = "10.Print52CardsFromAStandartDeck", "10.Print52CardsFromAStandartDeck\10.Print52CardsFromAStandartDeck.csproj", "{90E93DBC-B76F-4FEC-948C-A73693BCA3FD}"
EndProject
Project("{FAE04EC0-301F-11D3-BF4B-00C04F79EFBC}") = "11.MagicMatrix", "11.MagicMatrix\11.MagicMatrix.csproj", "{2FF35C8B-769E-4677-A9D8-A9D358C9923E}"
EndProject
Project("{FAE04EC0-301F-11D3-BF4B-00C04F79EFBC}") = "12.NumberOfNullsInFactorialEnd", "12.NumberOfNullsInFactorialEnd\12.NumberOfNullsInFactorialEnd.csproj", "{D17A9E30-942D-44F8-BDC8-DEBB9D0D13F5}"
EndProject
Project("{FAE04EC0-301F-11D3-BF4B-00C04F79EFBC}") = "13.SpiralArray", "13.SpiralArray\13.SpiralArray.csproj", "{E07C6DEE-E57E-423F-A592-DEA926BD1659}"
EndProject
Global
	GlobalSection(SolutionConfigurationPlatforms) = preSolution
		Debug|Any CPU = Debug|Any CPU
		Release|Any CPU = Release|Any CPU
	EndGlobalSection
	GlobalSection(ProjectConfigurationPlatforms) = postSolution
		{DF40318F-5F5B-4621-A2A2-ED33C01E66E8}.Debug|Any CPU.ActiveCfg = Debug|Any CPU
		{DF40318F-5F5B-4621-A2A2-ED33C01E66E8}.Debug|Any CPU.Build.0 = Debug|Any CPU
		{DF40318F-5F5B-4621-A2A2-ED33C01E66E8}.Release|Any CPU.ActiveCfg = Release|Any CPU
		{DF40318F-5F5B-4621-A2A2-ED33C01E66E8}.Release|Any CPU.Build.0 = Release|Any CPU
		{B9EA7CC3-C58B-457E-84EF-3851B926428A}.Debug|Any CPU.ActiveCfg = Debug|Any CPU
		{B9EA7CC3-C58B-457E-84EF-3851B926428A}.Debug|Any CPU.Build.0 = Debug|Any CPU
		{B9EA7CC3-C58B-457E-84EF-3851B926428A}.Release|Any CPU.ActiveCfg = Release|Any CPU
		{B9EA7CC3-C58B-457E-84EF-3851B926428A}.Release|Any CPU.Build.0 = Release|Any CPU
		{C4FB4EBA-FCDC-4E55-9077-B762185A0187}.Debug|Any CPU.ActiveCfg = Debug|Any CPU
		{C4FB4EBA-FCDC-4E55-9077-B762185A0187}.Debug|Any CPU.Build.0 = Debug|Any CPU
		{C4FB4EBA-FCDC-4E55-9077-B762185A0187}.Release|Any CPU.ActiveCfg = Release|Any CPU
		{C4FB4EBA-FCDC-4E55-9077-B762185A0187}.Release|Any CPU.Build.0 = Release|Any CPU
		{A42C8823-F5AA-4EA9-A84D-96CCCB5D87AC}.Debug|Any CPU.ActiveCfg = Debug|Any CPU
		{A42C8823-F5AA-4EA9-A84D-96CCCB5D87AC}.Debug|Any CPU.Build.0 = Debug|Any CPU
		{A42C8823-F5AA-4EA9-A84D-96CCCB5D87AC}.Release|Any CPU.ActiveCfg = Release|Any CPU
		{A42C8823-F5AA-4EA9-A84D-96CCCB5D87AC}.Release|Any CPU.Build.0 = Release|Any CPU
		{B2C04D88-A322-4DE5-AA75-90EEF879699E}.Debug|Any CPU.ActiveCfg = Debug|Any CPU
		{B2C04D88-A322-4DE5-AA75-90EEF879699E}.Debug|Any CPU.Build.0 = Debug|Any CPU
		{B2C04D88-A322-4DE5-AA75-90EEF879699E}.Release|Any CPU.ActiveCfg = Release|Any CPU
		{B2C04D88-A322-4DE5-AA75-90EEF879699E}.Release|Any CPU.Build.0 = Release|Any CPU
		{D80F158A-7B52-462D-A627-56E470A0253E}.Debug|Any CPU.ActiveCfg = Debug|Any CPU
		{D80F158A-7B52-462D-A627-56E470A0253E}.Debug|Any CPU.Build.0 = Debug|Any CPU
		{D80F158A-7B52-462D-A627-56E470A0253E}.Release|Any CPU.ActiveCfg = Release|Any CPU
		{D80F158A-7B52-462D-A627-56E470A0253E}.Release|Any CPU.Build.0 = Release|Any CPU
		{F5904D45-E966-4DE1-8AB2-8E721CFCA1B0}.Debug|Any CPU.ActiveCfg = Debug|Any CPU
		{F5904D45-E966-4DE1-8AB2-8E721CFCA1B0}.Debug|Any CPU.Build.0 = Debug|Any CPU
		{F5904D45-E966-4DE1-8AB2-8E721CFCA1B0}.Release|Any CPU.ActiveCfg = Release|Any CPU
		{F5904D45-E966-4DE1-8AB2-8E721CFCA1B0}.Release|Any CPU.Build.0 = Release|Any CPU
		{5FFDAEEB-9C7A-44CF-9E77-33B4EB52942F}.Debug|Any CPU.ActiveCfg = Debug|Any CPU
		{5FFDAEEB-9C7A-44CF-9E77-33B4EB52942F}.Debug|Any CPU.Build.0 = Debug|Any CPU
		{5FFDAEEB-9C7A-44CF-9E77-33B4EB52942F}.Release|Any CPU.ActiveCfg = Release|Any CPU
		{5FFDAEEB-9C7A-44CF-9E77-33B4EB52942F}.Release|Any CPU.Build.0 = Release|Any CPU
		{F43D943A-22D4-4EBB-A65E-179FF0F842C2}.Debug|Any CPU.ActiveCfg = Debug|Any CPU
		{F43D943A-22D4-4EBB-A65E-179FF0F842C2}.Debug|Any CPU.Build.0 = Debug|Any CPU
		{F43D943A-22D4-4EBB-A65E-179FF0F842C2}.Release|Any CPU.ActiveCfg = Release|Any CPU
		{F43D943A-22D4-4EBB-A65E-179FF0F842C2}.Release|Any CPU.Build.0 = Release|Any CPU
		{90E93DBC-B76F-4FEC-948C-A73693BCA3FD}.Debug|Any CPU.ActiveCfg = Debug|Any CPU
		{90E93DBC-B76F-4FEC-948C-A73693BCA3FD}.Debug|Any CPU.Build.0 = Debug|Any CPU
		{90E93DBC-B76F-4FEC-948C-A73693BCA3FD}.Release|Any CPU.ActiveCfg = Release|Any CPU
		{90E93DBC-B76F-4FEC-948C-A73693BCA3FD}.Release|Any CPU.Build.0 = Release|Any CPU
		{2FF35C8B-769E-4677-A9D8-A9D358C9923E}.Debug|Any CPU.ActiveCfg = Debug|Any CPU
		{2FF35C8B-769E-4677-A9D8-A9D358C9923E}.Debug|Any CPU.Build.0 = Debug|Any CPU
		{2FF35C8B-769E-4677-A9D8-A9D358C9923E}.Release|Any CPU.ActiveCfg = Release|Any CPU
		{2FF35C8B-769E-4677-A9D8-A9D358C9923E}.Release|Any CPU.Build.0 = Release|Any CPU
		{D17A9E30-942D-44F8-BDC8-DEBB9D0D13F5}.Debug|Any CPU.ActiveCfg = Debug|Any CPU
		{D17A9E30-942D-44F8-BDC8-DEBB9D0D13F5}.Debug|Any CPU.Build.0 = Debug|Any CPU
		{D17A9E30-942D-44F8-BDC8-DEBB9D0D13F5}.Release|Any CPU.ActiveCfg = Release|Any CPU
		{D17A9E30-942D-44F8-BDC8-DEBB9D0D13F5}.Release|Any CPU.Build.0 = Release|Any CPU
		{E07C6DEE-E57E-423F-A592-DEA926BD1659}.Debug|Any CPU.ActiveCfg = Debug|Any CPU
		{E07C6DEE-E57E-423F-A592-DEA926BD1659}.Debug|Any CPU.Build.0 = Debug|Any CPU
		{E07C6DEE-E57E-423F-A592-DEA926BD1659}.Release|Any CPU.ActiveCfg = Release|Any CPU
		{E07C6DEE-E57E-423F-A592-DEA926BD1659}.Release|Any CPU.Build.0 = Release|Any CPU
	EndGlobalSection
	GlobalSection(SolutionProperties) = preSolution
		HideSolutionNode = FALSE
	EndGlobalSection
EndGlobal
