
Microsoft Visual Studio Solution File, Format Version 12.00
# Visual Studio 2012
Project("{FAE04EC0-301F-11D3-BF4B-00C04F79EFBC}") = "Task1CountTheNumbers", "Task1CountTheNumbers\Task1CountTheNumbers.csproj", "{6DCC5730-6B62-4309-947C-AEE74811DFCE}"
EndProject
Project("{FAE04EC0-301F-11D3-BF4B-00C04F79EFBC}") = "Task2ExtractOddREpeatedItem", "Task2ExtractOddREpeatedItem\Task2ExtractOddREpeatedItem.csproj", "{FDF7CCB2-9A47-40E9-A785-20324ADA59B1}"
EndProject
Project("{FAE04EC0-301F-11D3-BF4B-00C04F79EFBC}") = "Task3WordCount", "Task3WordCount\Task3WordCount.csproj", "{856A53FE-4925-46BE-A2EF-F74DAB4CD36C}"
EndProject
Project("{FAE04EC0-301F-11D3-BF4B-00C04F79EFBC}") = "Task4HashTableImplement", "Task4HashTableImplement\Task4HashTableImplement.csproj", "{13A0B23E-7465-4174-A3F5-2745A5C56387}"
EndProject
Global
	GlobalSection(SolutionConfigurationPlatforms) = preSolution
		Debug|Any CPU = Debug|Any CPU
		Release|Any CPU = Release|Any CPU
	EndGlobalSection
	GlobalSection(ProjectConfigurationPlatforms) = postSolution
		{6DCC5730-6B62-4309-947C-AEE74811DFCE}.Debug|Any CPU.ActiveCfg = Debug|Any CPU
		{6DCC5730-6B62-4309-947C-AEE74811DFCE}.Debug|Any CPU.Build.0 = Debug|Any CPU
		{6DCC5730-6B62-4309-947C-AEE74811DFCE}.Release|Any CPU.ActiveCfg = Release|Any CPU
		{6DCC5730-6B62-4309-947C-AEE74811DFCE}.Release|Any CPU.Build.0 = Release|Any CPU
		{FDF7CCB2-9A47-40E9-A785-20324ADA59B1}.Debug|Any CPU.ActiveCfg = Debug|Any CPU
		{FDF7CCB2-9A47-40E9-A785-20324ADA59B1}.Debug|Any CPU.Build.0 = Debug|Any CPU
		{FDF7CCB2-9A47-40E9-A785-20324ADA59B1}.Release|Any CPU.ActiveCfg = Release|Any CPU
		{FDF7CCB2-9A47-40E9-A785-20324ADA59B1}.Release|Any CPU.Build.0 = Release|Any CPU
		{856A53FE-4925-46BE-A2EF-F74DAB4CD36C}.Debug|Any CPU.ActiveCfg = Debug|Any CPU
		{856A53FE-4925-46BE-A2EF-F74DAB4CD36C}.Debug|Any CPU.Build.0 = Debug|Any CPU
		{856A53FE-4925-46BE-A2EF-F74DAB4CD36C}.Release|Any CPU.ActiveCfg = Release|Any CPU
		{856A53FE-4925-46BE-A2EF-F74DAB4CD36C}.Release|Any CPU.Build.0 = Release|Any CPU
		{13A0B23E-7465-4174-A3F5-2745A5C56387}.Debug|Any CPU.ActiveCfg = Debug|Any CPU
		{13A0B23E-7465-4174-A3F5-2745A5C56387}.Debug|Any CPU.Build.0 = Debug|Any CPU
		{13A0B23E-7465-4174-A3F5-2745A5C56387}.Release|Any CPU.ActiveCfg = Release|Any CPU
		{13A0B23E-7465-4174-A3F5-2745A5C56387}.Release|Any CPU.Build.0 = Release|Any CPU
	EndGlobalSection
	GlobalSection(SolutionProperties) = preSolution
		HideSolutionNode = FALSE
	EndGlobalSection
EndGlobal
