
Microsoft Visual Studio Solution File, Format Version 12.00
# Visual Studio 2012
Project("{FAE04EC0-301F-11D3-BF4B-00C04F79EFBC}") = "Forum.Models", "Forum.Models\Forum.Models.csproj", "{0032A1C6-0EA5-4093-9614-40F08EBED5DF}"
EndProject
Project("{FAE04EC0-301F-11D3-BF4B-00C04F79EFBC}") = "Forum.Data", "Forum.Data\Forum.Data.csproj", "{BF423458-1746-4AC4-9967-75FAECF3FD65}"
EndProject
Project("{FAE04EC0-301F-11D3-BF4B-00C04F79EFBC}") = "Forum.WebAPI", "Forum.WebAPI\Forum.WebAPI.csproj", "{A7958152-92D3-4C22-9821-BB3160F630F5}"
EndProject
Project("{FAE04EC0-301F-11D3-BF4B-00C04F79EFBC}") = "Forum.Tests", "Forum.Tests\Forum.Tests.csproj", "{98CB0CB1-054E-44C7-9D67-6BF418A33386}"
EndProject
Project("{2150E333-8FDC-42A3-9474-1A3956D46DE8}") = ".nuget", ".nuget", "{1642D556-194D-4BF2-B6F8-EB502BFA04D4}"
	ProjectSection(SolutionItems) = preProject
		.nuget\NuGet.Config = .nuget\NuGet.Config
		.nuget\NuGet.exe = .nuget\NuGet.exe
		.nuget\NuGet.targets = .nuget\NuGet.targets
	EndProjectSection
EndProject
Global
	GlobalSection(SolutionConfigurationPlatforms) = preSolution
		Debug|Any CPU = Debug|Any CPU
		Release|Any CPU = Release|Any CPU
	EndGlobalSection
	GlobalSection(ProjectConfigurationPlatforms) = postSolution
		{0032A1C6-0EA5-4093-9614-40F08EBED5DF}.Debug|Any CPU.ActiveCfg = Debug|Any CPU
		{0032A1C6-0EA5-4093-9614-40F08EBED5DF}.Debug|Any CPU.Build.0 = Debug|Any CPU
		{0032A1C6-0EA5-4093-9614-40F08EBED5DF}.Release|Any CPU.ActiveCfg = Release|Any CPU
		{0032A1C6-0EA5-4093-9614-40F08EBED5DF}.Release|Any CPU.Build.0 = Release|Any CPU
		{BF423458-1746-4AC4-9967-75FAECF3FD65}.Debug|Any CPU.ActiveCfg = Debug|Any CPU
		{BF423458-1746-4AC4-9967-75FAECF3FD65}.Debug|Any CPU.Build.0 = Debug|Any CPU
		{BF423458-1746-4AC4-9967-75FAECF3FD65}.Release|Any CPU.ActiveCfg = Release|Any CPU
		{BF423458-1746-4AC4-9967-75FAECF3FD65}.Release|Any CPU.Build.0 = Release|Any CPU
		{A7958152-92D3-4C22-9821-BB3160F630F5}.Debug|Any CPU.ActiveCfg = Debug|Any CPU
		{A7958152-92D3-4C22-9821-BB3160F630F5}.Debug|Any CPU.Build.0 = Debug|Any CPU
		{A7958152-92D3-4C22-9821-BB3160F630F5}.Release|Any CPU.ActiveCfg = Release|Any CPU
		{A7958152-92D3-4C22-9821-BB3160F630F5}.Release|Any CPU.Build.0 = Release|Any CPU
		{98CB0CB1-054E-44C7-9D67-6BF418A33386}.Debug|Any CPU.ActiveCfg = Debug|Any CPU
		{98CB0CB1-054E-44C7-9D67-6BF418A33386}.Debug|Any CPU.Build.0 = Debug|Any CPU
		{98CB0CB1-054E-44C7-9D67-6BF418A33386}.Release|Any CPU.ActiveCfg = Release|Any CPU
		{98CB0CB1-054E-44C7-9D67-6BF418A33386}.Release|Any CPU.Build.0 = Release|Any CPU
	EndGlobalSection
	GlobalSection(SolutionProperties) = preSolution
		HideSolutionNode = FALSE
	EndGlobalSection
EndGlobal
