
Microsoft Visual Studio Solution File, Format Version 12.00
# Visual Studio 2012
Project("{2150E333-8FDC-42A3-9474-1A3956D46DE8}") = "Solution Items", "Solution Items", "{84DEA86E-08CC-42B5-B6A6-4194E11C2392}"
	ProjectSection(SolutionItems) = preProject
		ConsoleObjectsOperations.html = ConsoleObjectsOperations.html
		DomManagement.html = DomManagement.html
		MovingDiv.html = MovingDiv.html
	EndProjectSection
EndProject
Global
	GlobalSection(SolutionProperties) = preSolution
		HideSolutionNode = FALSE
	EndGlobalSection
EndGlobal
