
Microsoft Visual Studio Solution File, Format Version 12.00
# Visual Studio 2012
Project("{FAE04EC0-301F-11D3-BF4B-00C04F79EFBC}") = "Students", "Students\Students.csproj", "{A68016F4-A4AF-4C41-BC8A-D39616EC1BCD}"
EndProject
Project("{FAE04EC0-301F-11D3-BF4B-00C04F79EFBC}") = "StudentsSchema", "StudentsSchema\StudentsSchema.csproj", "{05017A95-4936-4708-B268-A006C2F69573}"
EndProject
Global
	GlobalSection(SolutionConfigurationPlatforms) = preSolution
		Debug|Any CPU = Debug|Any CPU
		Release|Any CPU = Release|Any CPU
	EndGlobalSection
	GlobalSection(ProjectConfigurationPlatforms) = postSolution
		{A68016F4-A4AF-4C41-BC8A-D39616EC1BCD}.Debug|Any CPU.ActiveCfg = Debug|Any CPU
		{A68016F4-A4AF-4C41-BC8A-D39616EC1BCD}.Debug|Any CPU.Build.0 = Debug|Any CPU
		{A68016F4-A4AF-4C41-BC8A-D39616EC1BCD}.Release|Any CPU.ActiveCfg = Release|Any CPU
		{A68016F4-A4AF-4C41-BC8A-D39616EC1BCD}.Release|Any CPU.Build.0 = Release|Any CPU
		{05017A95-4936-4708-B268-A006C2F69573}.Debug|Any CPU.ActiveCfg = Debug|Any CPU
		{05017A95-4936-4708-B268-A006C2F69573}.Debug|Any CPU.Build.0 = Debug|Any CPU
		{05017A95-4936-4708-B268-A006C2F69573}.Release|Any CPU.ActiveCfg = Release|Any CPU
		{05017A95-4936-4708-B268-A006C2F69573}.Release|Any CPU.Build.0 = Release|Any CPU
	EndGlobalSection
	GlobalSection(SolutionProperties) = preSolution
		HideSolutionNode = FALSE
	EndGlobalSection
EndGlobal
