
Microsoft Visual Studio Solution File, Format Version 12.00
# Visual Studio 2012
Project("{FAE04EC0-301F-11D3-BF4B-00C04F79EFBC}") = "TaskOneSchoolRepository", "TaskOneSchoolRepository\TaskOneSchoolRepository.csproj", "{656B6D43-9444-4360-9AD3-1CACBF401569}"
EndProject
Project("{FAE04EC0-301F-11D3-BF4B-00C04F79EFBC}") = "TaskThreeFavouriteSitesBar", "TaskThreeFavouriteSitesBar\TaskThreeFavouriteSitesBar.csproj", "{E4F68009-A208-410C-84A6-22C667E0878F}"
EndProject
Project("{FAE04EC0-301F-11D3-BF4B-00C04F79EFBC}") = "TaskTwoSliderPics", "TaskTwoSliderPics\TaskTwoSliderPics.csproj", "{C5D651B1-4B4C-4FDE-B7BF-F56CF2FE2377}"
EndProject
Global
	GlobalSection(SolutionConfigurationPlatforms) = preSolution
		Debug|Any CPU = Debug|Any CPU
		Release|Any CPU = Release|Any CPU
	EndGlobalSection
	GlobalSection(ProjectConfigurationPlatforms) = postSolution
		{656B6D43-9444-4360-9AD3-1CACBF401569}.Debug|Any CPU.ActiveCfg = Debug|Any CPU
		{656B6D43-9444-4360-9AD3-1CACBF401569}.Debug|Any CPU.Build.0 = Debug|Any CPU
		{656B6D43-9444-4360-9AD3-1CACBF401569}.Release|Any CPU.ActiveCfg = Release|Any CPU
		{656B6D43-9444-4360-9AD3-1CACBF401569}.Release|Any CPU.Build.0 = Release|Any CPU
		{E4F68009-A208-410C-84A6-22C667E0878F}.Debug|Any CPU.ActiveCfg = Debug|Any CPU
		{E4F68009-A208-410C-84A6-22C667E0878F}.Debug|Any CPU.Build.0 = Debug|Any CPU
		{E4F68009-A208-410C-84A6-22C667E0878F}.Release|Any CPU.ActiveCfg = Release|Any CPU
		{E4F68009-A208-410C-84A6-22C667E0878F}.Release|Any CPU.Build.0 = Release|Any CPU
		{C5D651B1-4B4C-4FDE-B7BF-F56CF2FE2377}.Debug|Any CPU.ActiveCfg = Debug|Any CPU
		{C5D651B1-4B4C-4FDE-B7BF-F56CF2FE2377}.Debug|Any CPU.Build.0 = Debug|Any CPU
		{C5D651B1-4B4C-4FDE-B7BF-F56CF2FE2377}.Release|Any CPU.ActiveCfg = Release|Any CPU
		{C5D651B1-4B4C-4FDE-B7BF-F56CF2FE2377}.Release|Any CPU.Build.0 = Release|Any CPU
	EndGlobalSection
	GlobalSection(SolutionProperties) = preSolution
		HideSolutionNode = FALSE
	EndGlobalSection
EndGlobal
