
Microsoft Visual Studio Solution File, Format Version 12.00
# Visual Studio 2012
Project("{FAE04EC0-301F-11D3-BF4B-00C04F79EFBC}") = "Students", "Students\Students.csproj", "{C7BBF08D-D584-41C0-86A3-11E528D03752}"
EndProject
Project("{FAE04EC0-301F-11D3-BF4B-00C04F79EFBC}") = "Persons", "Persons\Persons.csproj", "{1257F114-82D4-413C-88C4-440BC0DF28BF}"
EndProject
Project("{FAE04EC0-301F-11D3-BF4B-00C04F79EFBC}") = "DefineBitArray64", "DefineBitArray64\DefineBitArray64.csproj", "{C4FA0EB1-8EBF-481D-AA63-1FAB0119CDA2}"
EndProject
Global
	GlobalSection(SolutionConfigurationPlatforms) = preSolution
		Debug|Any CPU = Debug|Any CPU
		Release|Any CPU = Release|Any CPU
	EndGlobalSection
	GlobalSection(ProjectConfigurationPlatforms) = postSolution
		{C7BBF08D-D584-41C0-86A3-11E528D03752}.Debug|Any CPU.ActiveCfg = Debug|Any CPU
		{C7BBF08D-D584-41C0-86A3-11E528D03752}.Debug|Any CPU.Build.0 = Debug|Any CPU
		{C7BBF08D-D584-41C0-86A3-11E528D03752}.Release|Any CPU.ActiveCfg = Release|Any CPU
		{C7BBF08D-D584-41C0-86A3-11E528D03752}.Release|Any CPU.Build.0 = Release|Any CPU
		{1257F114-82D4-413C-88C4-440BC0DF28BF}.Debug|Any CPU.ActiveCfg = Debug|Any CPU
		{1257F114-82D4-413C-88C4-440BC0DF28BF}.Debug|Any CPU.Build.0 = Debug|Any CPU
		{1257F114-82D4-413C-88C4-440BC0DF28BF}.Release|Any CPU.ActiveCfg = Release|Any CPU
		{1257F114-82D4-413C-88C4-440BC0DF28BF}.Release|Any CPU.Build.0 = Release|Any CPU
		{C4FA0EB1-8EBF-481D-AA63-1FAB0119CDA2}.Debug|Any CPU.ActiveCfg = Debug|Any CPU
		{C4FA0EB1-8EBF-481D-AA63-1FAB0119CDA2}.Debug|Any CPU.Build.0 = Debug|Any CPU
		{C4FA0EB1-8EBF-481D-AA63-1FAB0119CDA2}.Release|Any CPU.ActiveCfg = Release|Any CPU
		{C4FA0EB1-8EBF-481D-AA63-1FAB0119CDA2}.Release|Any CPU.Build.0 = Release|Any CPU
	EndGlobalSection
	GlobalSection(SolutionProperties) = preSolution
		HideSolutionNode = FALSE
	EndGlobalSection
EndGlobal
