
Microsoft Visual Studio Solution File, Format Version 12.00
# Visual Studio 2012
Project("{FAE04EC0-301F-11D3-BF4B-00C04F79EFBC}") = "Bookstore.Client", "BookstoreImporter\Bookstore.Client.csproj", "{E1A0C0D7-BB8F-466A-93D5-369DF5072F16}"
EndProject
Project("{FAE04EC0-301F-11D3-BF4B-00C04F79EFBC}") = "Bookstore.Data", "Bookstore.Data\Bookstore.Data.csproj", "{CFED9CB1-0C50-4D65-82D6-47FCCD8BFA5D}"
EndProject
Global
	GlobalSection(SolutionConfigurationPlatforms) = preSolution
		Debug|Any CPU = Debug|Any CPU
		Release|Any CPU = Release|Any CPU
	EndGlobalSection
	GlobalSection(ProjectConfigurationPlatforms) = postSolution
		{E1A0C0D7-BB8F-466A-93D5-369DF5072F16}.Debug|Any CPU.ActiveCfg = Debug|Any CPU
		{E1A0C0D7-BB8F-466A-93D5-369DF5072F16}.Debug|Any CPU.Build.0 = Debug|Any CPU
		{E1A0C0D7-BB8F-466A-93D5-369DF5072F16}.Release|Any CPU.ActiveCfg = Release|Any CPU
		{E1A0C0D7-BB8F-466A-93D5-369DF5072F16}.Release|Any CPU.Build.0 = Release|Any CPU
		{CFED9CB1-0C50-4D65-82D6-47FCCD8BFA5D}.Debug|Any CPU.ActiveCfg = Debug|Any CPU
		{CFED9CB1-0C50-4D65-82D6-47FCCD8BFA5D}.Debug|Any CPU.Build.0 = Debug|Any CPU
		{CFED9CB1-0C50-4D65-82D6-47FCCD8BFA5D}.Release|Any CPU.ActiveCfg = Release|Any CPU
		{CFED9CB1-0C50-4D65-82D6-47FCCD8BFA5D}.Release|Any CPU.Build.0 = Release|Any CPU
	EndGlobalSection
	GlobalSection(SolutionProperties) = preSolution
		HideSolutionNode = FALSE
	EndGlobalSection
EndGlobal
