
Microsoft Visual Studio Solution File, Format Version 12.00
# Visual Studio 2012
Project("{FAE04EC0-301F-11D3-BF4B-00C04F79EFBC}") = "TelerikAcademy.Data", "TelerikAcademy.Data\TelerikAcademy.Data.csproj", "{86BEBAF9-FFB0-4307-83B9-4E1B8A942C95}"
EndProject
Project("{FAE04EC0-301F-11D3-BF4B-00C04F79EFBC}") = "TelerikAcademy.Client", "TelerikAcademy.Client\TelerikAcademy.Client.csproj", "{A31A8A01-30A0-4233-9A82-A213F67DCFC4}"
EndProject
Global
	GlobalSection(SolutionConfigurationPlatforms) = preSolution
		Debug|Any CPU = Debug|Any CPU
		Release|Any CPU = Release|Any CPU
	EndGlobalSection
	GlobalSection(ProjectConfigurationPlatforms) = postSolution
		{86BEBAF9-FFB0-4307-83B9-4E1B8A942C95}.Debug|Any CPU.ActiveCfg = Debug|Any CPU
		{86BEBAF9-FFB0-4307-83B9-4E1B8A942C95}.Debug|Any CPU.Build.0 = Debug|Any CPU
		{86BEBAF9-FFB0-4307-83B9-4E1B8A942C95}.Release|Any CPU.ActiveCfg = Release|Any CPU
		{86BEBAF9-FFB0-4307-83B9-4E1B8A942C95}.Release|Any CPU.Build.0 = Release|Any CPU
		{A31A8A01-30A0-4233-9A82-A213F67DCFC4}.Debug|Any CPU.ActiveCfg = Debug|Any CPU
		{A31A8A01-30A0-4233-9A82-A213F67DCFC4}.Debug|Any CPU.Build.0 = Debug|Any CPU
		{A31A8A01-30A0-4233-9A82-A213F67DCFC4}.Release|Any CPU.ActiveCfg = Release|Any CPU
		{A31A8A01-30A0-4233-9A82-A213F67DCFC4}.Release|Any CPU.Build.0 = Release|Any CPU
	EndGlobalSection
	GlobalSection(SolutionProperties) = preSolution
		HideSolutionNode = FALSE
	EndGlobalSection
EndGlobal
