
Microsoft Visual Studio Solution File, Format Version 12.00
# Visual Studio 2012
Project("{FAE04EC0-301F-11D3-BF4B-00C04F79EFBC}") = "HashTablesAndSetsPracticalTask", "HashTablesAndSetsPracticalTask\HashTablesAndSetsPracticalTask.csproj", "{009023C8-C2A1-4054-9D88-43E81971D2EF}"
EndProject
Global
	GlobalSection(SolutionConfigurationPlatforms) = preSolution
		Debug|Any CPU = Debug|Any CPU
		Release|Any CPU = Release|Any CPU
	EndGlobalSection
	GlobalSection(ProjectConfigurationPlatforms) = postSolution
		{009023C8-C2A1-4054-9D88-43E81971D2EF}.Debug|Any CPU.ActiveCfg = Debug|Any CPU
		{009023C8-C2A1-4054-9D88-43E81971D2EF}.Debug|Any CPU.Build.0 = Debug|Any CPU
		{009023C8-C2A1-4054-9D88-43E81971D2EF}.Release|Any CPU.ActiveCfg = Release|Any CPU
		{009023C8-C2A1-4054-9D88-43E81971D2EF}.Release|Any CPU.Build.0 = Release|Any CPU
	EndGlobalSection
	GlobalSection(SolutionProperties) = preSolution
		HideSolutionNode = FALSE
	EndGlobalSection
EndGlobal
