
Microsoft Visual Studio Solution File, Format Version 12.00
# Visual Studio 2012
Project("{FAE04EC0-301F-11D3-BF4B-00C04F79EFBC}") = "Task1KnapsackProblem", "Task1KnapsackProblem\Task1KnapsackProblem.csproj", "{386A6F10-9BD6-4929-9767-1628DBC87A32}"
EndProject
Project("{FAE04EC0-301F-11D3-BF4B-00C04F79EFBC}") = "Task2LevensteinDistance", "Task2LevensteinDistance\Task2LevensteinDistance.csproj", "{EE227D6D-2D3A-4475-B151-11DCFD808EC8}"
EndProject
Global
	GlobalSection(SolutionConfigurationPlatforms) = preSolution
		Debug|Any CPU = Debug|Any CPU
		Release|Any CPU = Release|Any CPU
	EndGlobalSection
	GlobalSection(ProjectConfigurationPlatforms) = postSolution
		{386A6F10-9BD6-4929-9767-1628DBC87A32}.Debug|Any CPU.ActiveCfg = Debug|Any CPU
		{386A6F10-9BD6-4929-9767-1628DBC87A32}.Debug|Any CPU.Build.0 = Debug|Any CPU
		{386A6F10-9BD6-4929-9767-1628DBC87A32}.Release|Any CPU.ActiveCfg = Release|Any CPU
		{386A6F10-9BD6-4929-9767-1628DBC87A32}.Release|Any CPU.Build.0 = Release|Any CPU
		{EE227D6D-2D3A-4475-B151-11DCFD808EC8}.Debug|Any CPU.ActiveCfg = Debug|Any CPU
		{EE227D6D-2D3A-4475-B151-11DCFD808EC8}.Debug|Any CPU.Build.0 = Debug|Any CPU
		{EE227D6D-2D3A-4475-B151-11DCFD808EC8}.Release|Any CPU.ActiveCfg = Release|Any CPU
		{EE227D6D-2D3A-4475-B151-11DCFD808EC8}.Release|Any CPU.Build.0 = Release|Any CPU
	EndGlobalSection
	GlobalSection(SolutionProperties) = preSolution
		HideSolutionNode = FALSE
	EndGlobalSection
EndGlobal
