
Microsoft Visual Studio Solution File, Format Version 12.00
# Visual Studio 2012
Project("{FAE04EC0-301F-11D3-BF4B-00C04F79EFBC}") = "Task5", "Task5\Task5.csproj", "{864E6981-874E-4762-A635-381F3B414DEB}"
EndProject
Project("{FAE04EC0-301F-11D3-BF4B-00C04F79EFBC}") = "Task1", "Task1\Task1.csproj", "{24C99650-9451-4015-BEDE-0171FE83A90C}"
EndProject
Global
	GlobalSection(SolutionConfigurationPlatforms) = preSolution
		Debug|Any CPU = Debug|Any CPU
		Release|Any CPU = Release|Any CPU
	EndGlobalSection
	GlobalSection(ProjectConfigurationPlatforms) = postSolution
		{864E6981-874E-4762-A635-381F3B414DEB}.Debug|Any CPU.ActiveCfg = Debug|Any CPU
		{864E6981-874E-4762-A635-381F3B414DEB}.Debug|Any CPU.Build.0 = Debug|Any CPU
		{864E6981-874E-4762-A635-381F3B414DEB}.Release|Any CPU.ActiveCfg = Release|Any CPU
		{864E6981-874E-4762-A635-381F3B414DEB}.Release|Any CPU.Build.0 = Release|Any CPU
		{24C99650-9451-4015-BEDE-0171FE83A90C}.Debug|Any CPU.ActiveCfg = Debug|Any CPU
		{24C99650-9451-4015-BEDE-0171FE83A90C}.Debug|Any CPU.Build.0 = Debug|Any CPU
		{24C99650-9451-4015-BEDE-0171FE83A90C}.Release|Any CPU.ActiveCfg = Release|Any CPU
		{24C99650-9451-4015-BEDE-0171FE83A90C}.Release|Any CPU.Build.0 = Release|Any CPU
	EndGlobalSection
	GlobalSection(SolutionProperties) = preSolution
		HideSolutionNode = FALSE
	EndGlobalSection
EndGlobal
